// !$*UTF8*$!
{
	archiveVersion = 1;
	classes = {
	};
	objectVersion = 55;
	objects = {

/* Begin PBXBuildFile section */
		4316DB0B27D5583300610A34 /* watch App Tour WatchKit App.app in Embed Watch Content */ = {isa = PBXBuildFile; fileRef = 4316DB0A27D5583300610A34 /* watch App Tour WatchKit App.app */; settings = {ATTRIBUTES = (RemoveHeadersOnCopy, ); }; };
		4316DB1027D5583700610A34 /* Assets.xcassets in Resources */ = {isa = PBXBuildFile; fileRef = 4316DB0F27D5583700610A34 /* Assets.xcassets */; };
		4316DB1627D5583800610A34 /* watch App Tour WatchKit Extension.appex in Embed App Extensions */ = {isa = PBXBuildFile; fileRef = 4316DB1527D5583800610A34 /* watch App Tour WatchKit Extension.appex */; settings = {ATTRIBUTES = (RemoveHeadersOnCopy, ); }; };
		4316DB1B27D5583800610A34 /* watch_App_TourApp.swift in Sources */ = {isa = PBXBuildFile; fileRef = 4316DB1A27D5583800610A34 /* watch_App_TourApp.swift */; };
		4316DB1D27D5583800610A34 /* ContentView.swift in Sources */ = {isa = PBXBuildFile; fileRef = 4316DB1C27D5583800610A34 /* ContentView.swift */; };
		4316DB1F27D5583800610A34 /* NotificationController.swift in Sources */ = {isa = PBXBuildFile; fileRef = 4316DB1E27D5583800610A34 /* NotificationController.swift */; };
		4316DB2127D5583800610A34 /* NotificationView.swift in Sources */ = {isa = PBXBuildFile; fileRef = 4316DB2027D5583800610A34 /* NotificationView.swift */; };
		4316DB2327D5583800610A34 /* ComplicationController.swift in Sources */ = {isa = PBXBuildFile; fileRef = 4316DB2227D5583800610A34 /* ComplicationController.swift */; };
		4316DB2527D5583900610A34 /* Assets.xcassets in Resources */ = {isa = PBXBuildFile; fileRef = 4316DB2427D5583900610A34 /* Assets.xcassets */; };
		4316DB2827D5583900610A34 /* Preview Assets.xcassets in Resources */ = {isa = PBXBuildFile; fileRef = 4316DB2727D5583900610A34 /* Preview Assets.xcassets */; };
		4316DB3427D5583900610A34 /* watch_App_TourTests.swift in Sources */ = {isa = PBXBuildFile; fileRef = 4316DB3327D5583900610A34 /* watch_App_TourTests.swift */; };
		4316DB3E27D5583900610A34 /* watch_App_TourUITests.swift in Sources */ = {isa = PBXBuildFile; fileRef = 4316DB3D27D5583900610A34 /* watch_App_TourUITests.swift */; };
		4316DB4027D5583900610A34 /* watch_App_TourUITestsLaunchTests.swift in Sources */ = {isa = PBXBuildFile; fileRef = 4316DB3F27D5583900610A34 /* watch_App_TourUITestsLaunchTests.swift */; };
		4316DB5527D5591900610A34 /* ChartsView.swift in Sources */ = {isa = PBXBuildFile; fileRef = 4316DB5427D5591900610A34 /* ChartsView.swift */; };
		4316DB5827D55AA600610A34 /* ColorsView.swift in Sources */ = {isa = PBXBuildFile; fileRef = 4316DB5727D55AA600610A34 /* ColorsView.swift */; };
		4316DB5A27D5650F00610A34 /* BarChartView.swift in Sources */ = {isa = PBXBuildFile; fileRef = 4316DB5927D5650F00610A34 /* BarChartView.swift */; };
		4316DB5C27D5652400610A34 /* WedgeChartView.swift in Sources */ = {isa = PBXBuildFile; fileRef = 4316DB5B27D5652400610A34 /* WedgeChartView.swift */; };
		4316DB5E27D5653700610A34 /* RingChartView.swift in Sources */ = {isa = PBXBuildFile; fileRef = 4316DB5D27D5653700610A34 /* RingChartView.swift */; };
		4316DB6127D566C100610A34 /* ColorModel.swift in Sources */ = {isa = PBXBuildFile; fileRef = 4316DB6027D566C100610A34 /* ColorModel.swift */; };
		4316DB6327D56ED800610A34 /* HeaderView.swift in Sources */ = {isa = PBXBuildFile; fileRef = 4316DB6227D56ED800610A34 /* HeaderView.swift */; };
		4316DB6527D56F2200610A34 /* CapsuleView.swift in Sources */ = {isa = PBXBuildFile; fileRef = 4316DB6427D56F2200610A34 /* CapsuleView.swift */; };
		4316DB6727D5704C00610A34 /* README.md in Resources */ = {isa = PBXBuildFile; fileRef = 4316DB6627D5704C00610A34 /* README.md */; };
/* End PBXBuildFile section */

/* Begin PBXContainerItemProxy section */
		4316DB0C27D5583300610A34 /* PBXContainerItemProxy */ = {
			isa = PBXContainerItemProxy;
			containerPortal = 4316DB0027D5583300610A34 /* Project object */;
			proxyType = 1;
			remoteGlobalIDString = 4316DB0927D5583300610A34;
			remoteInfo = "watch App Tour WatchKit App";
		};
		4316DB1727D5583800610A34 /* PBXContainerItemProxy */ = {
			isa = PBXContainerItemProxy;
			containerPortal = 4316DB0027D5583300610A34 /* Project object */;
			proxyType = 1;
			remoteGlobalIDString = 4316DB1427D5583800610A34;
			remoteInfo = "watch App Tour WatchKit Extension";
		};
		4316DB3027D5583900610A34 /* PBXContainerItemProxy */ = {
			isa = PBXContainerItemProxy;
			containerPortal = 4316DB0027D5583300610A34 /* Project object */;
			proxyType = 1;
			remoteGlobalIDString = 4316DB1427D5583800610A34;
			remoteInfo = "watch App Tour WatchKit Extension";
		};
		4316DB3A27D5583900610A34 /* PBXContainerItemProxy */ = {
			isa = PBXContainerItemProxy;
			containerPortal = 4316DB0027D5583300610A34 /* Project object */;
			proxyType = 1;
			remoteGlobalIDString = 4316DB0927D5583300610A34;
			remoteInfo = "watch App Tour WatchKit App";
		};
/* End PBXContainerItemProxy section */

/* Begin PBXCopyFilesBuildPhase section */
		4316DB4627D5583900610A34 /* Embed App Extensions */ = {
			isa = PBXCopyFilesBuildPhase;
			buildActionMask = 2147483647;
			dstPath = "";
			dstSubfolderSpec = 13;
			files = (
				4316DB1627D5583800610A34 /* watch App Tour WatchKit Extension.appex in Embed App Extensions */,
			);
			name = "Embed App Extensions";
			runOnlyForDeploymentPostprocessing = 0;
		};
		4316DB4A27D5583900610A34 /* Embed Watch Content */ = {
			isa = PBXCopyFilesBuildPhase;
			buildActionMask = 2147483647;
			dstPath = "$(CONTENTS_FOLDER_PATH)/Watch";
			dstSubfolderSpec = 16;
			files = (
				4316DB0B27D5583300610A34 /* watch App Tour WatchKit App.app in Embed Watch Content */,
			);
			name = "Embed Watch Content";
			runOnlyForDeploymentPostprocessing = 0;
		};
/* End PBXCopyFilesBuildPhase section */

/* Begin PBXFileReference section */
		4316DB0627D5583300610A34 /* watch App Tour.app */ = {isa = PBXFileReference; explicitFileType = wrapper.application; includeInIndex = 0; path = "watch App Tour.app"; sourceTree = BUILT_PRODUCTS_DIR; };
		4316DB0A27D5583300610A34 /* watch App Tour WatchKit App.app */ = {isa = PBXFileReference; explicitFileType = wrapper.application; includeInIndex = 0; path = "watch App Tour WatchKit App.app"; sourceTree = BUILT_PRODUCTS_DIR; };
		4316DB0F27D5583700610A34 /* Assets.xcassets */ = {isa = PBXFileReference; lastKnownFileType = folder.assetcatalog; path = Assets.xcassets; sourceTree = "<group>"; };
		4316DB1527D5583800610A34 /* watch App Tour WatchKit Extension.appex */ = {isa = PBXFileReference; explicitFileType = "wrapper.app-extension"; includeInIndex = 0; path = "watch App Tour WatchKit Extension.appex"; sourceTree = BUILT_PRODUCTS_DIR; };
		4316DB1A27D5583800610A34 /* watch_App_TourApp.swift */ = {isa = PBXFileReference; lastKnownFileType = sourcecode.swift; path = watch_App_TourApp.swift; sourceTree = "<group>"; };
		4316DB1C27D5583800610A34 /* ContentView.swift */ = {isa = PBXFileReference; lastKnownFileType = sourcecode.swift; path = ContentView.swift; sourceTree = "<group>"; };
		4316DB1E27D5583800610A34 /* NotificationController.swift */ = {isa = PBXFileReference; lastKnownFileType = sourcecode.swift; path = NotificationController.swift; sourceTree = "<group>"; };
		4316DB2027D5583800610A34 /* NotificationView.swift */ = {isa = PBXFileReference; lastKnownFileType = sourcecode.swift; path = NotificationView.swift; sourceTree = "<group>"; };
		4316DB2227D5583800610A34 /* ComplicationController.swift */ = {isa = PBXFileReference; lastKnownFileType = sourcecode.swift; path = ComplicationController.swift; sourceTree = "<group>"; };
		4316DB2427D5583900610A34 /* Assets.xcassets */ = {isa = PBXFileReference; lastKnownFileType = folder.assetcatalog; path = Assets.xcassets; sourceTree = "<group>"; };
		4316DB2727D5583900610A34 /* Preview Assets.xcassets */ = {isa = PBXFileReference; lastKnownFileType = folder.assetcatalog; path = "Preview Assets.xcassets"; sourceTree = "<group>"; };
		4316DB2927D5583900610A34 /* Info.plist */ = {isa = PBXFileReference; lastKnownFileType = text.plist.xml; path = Info.plist; sourceTree = "<group>"; };
		4316DB2A27D5583900610A34 /* PushNotificationPayload.apns */ = {isa = PBXFileReference; lastKnownFileType = text; path = PushNotificationPayload.apns; sourceTree = "<group>"; };
		4316DB2F27D5583900610A34 /* watch App TourTests.xctest */ = {isa = PBXFileReference; explicitFileType = wrapper.cfbundle; includeInIndex = 0; path = "watch App TourTests.xctest"; sourceTree = BUILT_PRODUCTS_DIR; };
		4316DB3327D5583900610A34 /* watch_App_TourTests.swift */ = {isa = PBXFileReference; lastKnownFileType = sourcecode.swift; path = watch_App_TourTests.swift; sourceTree = "<group>"; };
		4316DB3927D5583900610A34 /* watch App TourUITests.xctest */ = {isa = PBXFileReference; explicitFileType = wrapper.cfbundle; includeInIndex = 0; path = "watch App TourUITests.xctest"; sourceTree = BUILT_PRODUCTS_DIR; };
		4316DB3D27D5583900610A34 /* watch_App_TourUITests.swift */ = {isa = PBXFileReference; lastKnownFileType = sourcecode.swift; path = watch_App_TourUITests.swift; sourceTree = "<group>"; };
		4316DB3F27D5583900610A34 /* watch_App_TourUITestsLaunchTests.swift */ = {isa = PBXFileReference; lastKnownFileType = sourcecode.swift; path = watch_App_TourUITestsLaunchTests.swift; sourceTree = "<group>"; };
		4316DB5427D5591900610A34 /* ChartsView.swift */ = {isa = PBXFileReference; lastKnownFileType = sourcecode.swift; path = ChartsView.swift; sourceTree = "<group>"; };
		4316DB5727D55AA600610A34 /* ColorsView.swift */ = {isa = PBXFileReference; lastKnownFileType = sourcecode.swift; path = ColorsView.swift; sourceTree = "<group>"; };
		4316DB5927D5650F00610A34 /* BarChartView.swift */ = {isa = PBXFileReference; lastKnownFileType = sourcecode.swift; path = BarChartView.swift; sourceTree = "<group>"; };
		4316DB5B27D5652400610A34 /* WedgeChartView.swift */ = {isa = PBXFileReference; lastKnownFileType = sourcecode.swift; path = WedgeChartView.swift; sourceTree = "<group>"; };
		4316DB5D27D5653700610A34 /* RingChartView.swift */ = {isa = PBXFileReference; lastKnownFileType = sourcecode.swift; path = RingChartView.swift; sourceTree = "<group>"; };
		4316DB6027D566C100610A34 /* ColorModel.swift */ = {isa = PBXFileReference; lastKnownFileType = sourcecode.swift; path = ColorModel.swift; sourceTree = "<group>"; };
		4316DB6227D56ED800610A34 /* HeaderView.swift */ = {isa = PBXFileReference; lastKnownFileType = sourcecode.swift; path = HeaderView.swift; sourceTree = "<group>"; };
		4316DB6427D56F2200610A34 /* CapsuleView.swift */ = {isa = PBXFileReference; lastKnownFileType = sourcecode.swift; path = CapsuleView.swift; sourceTree = "<group>"; };
		4316DB6627D5704C00610A34 /* README.md */ = {isa = PBXFileReference; lastKnownFileType = net.daringfireball.markdown; path = README.md; sourceTree = "<group>"; };
/* End PBXFileReference section */

/* Begin PBXFrameworksBuildPhase section */
		4316DB1227D5583800610A34 /* Frameworks */ = {
			isa = PBXFrameworksBuildPhase;
			buildActionMask = 2147483647;
			files = (
			);
			runOnlyForDeploymentPostprocessing = 0;
		};
		4316DB2C27D5583900610A34 /* Frameworks */ = {
			isa = PBXFrameworksBuildPhase;
			buildActionMask = 2147483647;
			files = (
			);
			runOnlyForDeploymentPostprocessing = 0;
		};
		4316DB3627D5583900610A34 /* Frameworks */ = {
			isa = PBXFrameworksBuildPhase;
			buildActionMask = 2147483647;
			files = (
			);
			runOnlyForDeploymentPostprocessing = 0;
		};
/* End PBXFrameworksBuildPhase section */

/* Begin PBXGroup section */
		4316DAFF27D5583300610A34 = {
			isa = PBXGroup;
			children = (
				4316DB6627D5704C00610A34 /* README.md */,
				4316DB0E27D5583300610A34 /* watch App Tour WatchKit App */,
				4316DB1927D5583800610A34 /* watch App Tour WatchKit Extension */,
				4316DB3227D5583900610A34 /* watch App TourTests */,
				4316DB3C27D5583900610A34 /* watch App TourUITests */,
				4316DB0727D5583300610A34 /* Products */,
			);
			sourceTree = "<group>";
		};
		4316DB0727D5583300610A34 /* Products */ = {
			isa = PBXGroup;
			children = (
				4316DB0627D5583300610A34 /* watch App Tour.app */,
				4316DB0A27D5583300610A34 /* watch App Tour WatchKit App.app */,
				4316DB1527D5583800610A34 /* watch App Tour WatchKit Extension.appex */,
				4316DB2F27D5583900610A34 /* watch App TourTests.xctest */,
				4316DB3927D5583900610A34 /* watch App TourUITests.xctest */,
			);
			name = Products;
			sourceTree = "<group>";
		};
		4316DB0E27D5583300610A34 /* watch App Tour WatchKit App */ = {
			isa = PBXGroup;
			children = (
				4316DB0F27D5583700610A34 /* Assets.xcassets */,
			);
			path = "watch App Tour WatchKit App";
			sourceTree = "<group>";
		};
		4316DB1927D5583800610A34 /* watch App Tour WatchKit Extension */ = {
			isa = PBXGroup;
			children = (
				4316DB5F27D566AD00610A34 /* Models */,
				4316DB5627D55A0900610A34 /* Views */,
				4316DB1A27D5583800610A34 /* watch_App_TourApp.swift */,
				4316DB1C27D5583800610A34 /* ContentView.swift */,
				4316DB1E27D5583800610A34 /* NotificationController.swift */,
				4316DB2027D5583800610A34 /* NotificationView.swift */,
				4316DB2227D5583800610A34 /* ComplicationController.swift */,
				4316DB2427D5583900610A34 /* Assets.xcassets */,
				4316DB2927D5583900610A34 /* Info.plist */,
				4316DB2A27D5583900610A34 /* PushNotificationPayload.apns */,
				4316DB2627D5583900610A34 /* Preview Content */,
			);
			path = "watch App Tour WatchKit Extension";
			sourceTree = "<group>";
		};
		4316DB2627D5583900610A34 /* Preview Content */ = {
			isa = PBXGroup;
			children = (
				4316DB2727D5583900610A34 /* Preview Assets.xcassets */,
			);
			path = "Preview Content";
			sourceTree = "<group>";
		};
		4316DB3227D5583900610A34 /* watch App TourTests */ = {
			isa = PBXGroup;
			children = (
				4316DB3327D5583900610A34 /* watch_App_TourTests.swift */,
			);
			path = "watch App TourTests";
			sourceTree = "<group>";
		};
		4316DB3C27D5583900610A34 /* watch App TourUITests */ = {
			isa = PBXGroup;
			children = (
				4316DB3D27D5583900610A34 /* watch_App_TourUITests.swift */,
				4316DB3F27D5583900610A34 /* watch_App_TourUITestsLaunchTests.swift */,
			);
			path = "watch App TourUITests";
			sourceTree = "<group>";
		};
		4316DB5627D55A0900610A34 /* Views */ = {
			isa = PBXGroup;
			children = (
				4316DB5727D55AA600610A34 /* ColorsView.swift */,
				4316DB5427D5591900610A34 /* ChartsView.swift */,
				4316DB5927D5650F00610A34 /* BarChartView.swift */,
				4316DB6427D56F2200610A34 /* CapsuleView.swift */,
				4316DB5B27D5652400610A34 /* WedgeChartView.swift */,
				4316DB5D27D5653700610A34 /* RingChartView.swift */,
				4316DB6227D56ED800610A34 /* HeaderView.swift */,
			);
			path = Views;
			sourceTree = "<group>";
		};
		4316DB5F27D566AD00610A34 /* Models */ = {
			isa = PBXGroup;
			children = (
				4316DB6027D566C100610A34 /* ColorModel.swift */,
			);
			path = Models;
			sourceTree = "<group>";
		};
/* End PBXGroup section */

/* Begin PBXNativeTarget section */
		4316DB0527D5583300610A34 /* watch App Tour */ = {
			isa = PBXNativeTarget;
			buildConfigurationList = 4316DB4B27D5583900610A34 /* Build configuration list for PBXNativeTarget "watch App Tour" */;
			buildPhases = (
				4316DB0427D5583300610A34 /* Resources */,
				4316DB4A27D5583900610A34 /* Embed Watch Content */,
			);
			buildRules = (
			);
			dependencies = (
				4316DB0D27D5583300610A34 /* PBXTargetDependency */,
			);
			name = "watch App Tour";
			productName = "watch App Tour";
			productReference = 4316DB0627D5583300610A34 /* watch App Tour.app */;
			productType = "com.apple.product-type.application.watchapp2-container";
		};
		4316DB0927D5583300610A34 /* watch App Tour WatchKit App */ = {
			isa = PBXNativeTarget;
			buildConfigurationList = 4316DB4727D5583900610A34 /* Build configuration list for PBXNativeTarget "watch App Tour WatchKit App" */;
			buildPhases = (
				4316DB0827D5583300610A34 /* Resources */,
				4316DB4627D5583900610A34 /* Embed App Extensions */,
			);
			buildRules = (
			);
			dependencies = (
				4316DB1827D5583800610A34 /* PBXTargetDependency */,
			);
			name = "watch App Tour WatchKit App";
			productName = "watch App Tour WatchKit App";
			productReference = 4316DB0A27D5583300610A34 /* watch App Tour WatchKit App.app */;
			productType = "com.apple.product-type.application.watchapp2";
		};
		4316DB1427D5583800610A34 /* watch App Tour WatchKit Extension */ = {
			isa = PBXNativeTarget;
			buildConfigurationList = 4316DB4327D5583900610A34 /* Build configuration list for PBXNativeTarget "watch App Tour WatchKit Extension" */;
			buildPhases = (
				4316DB1127D5583800610A34 /* Sources */,
				4316DB1227D5583800610A34 /* Frameworks */,
				4316DB1327D5583800610A34 /* Resources */,
			);
			buildRules = (
			);
			dependencies = (
			);
			name = "watch App Tour WatchKit Extension";
			productName = "watch App Tour WatchKit Extension";
			productReference = 4316DB1527D5583800610A34 /* watch App Tour WatchKit Extension.appex */;
			productType = "com.apple.product-type.watchkit2-extension";
		};
		4316DB2E27D5583900610A34 /* watch App TourTests */ = {
			isa = PBXNativeTarget;
			buildConfigurationList = 4316DB4E27D5583900610A34 /* Build configuration list for PBXNativeTarget "watch App TourTests" */;
			buildPhases = (
				4316DB2B27D5583900610A34 /* Sources */,
				4316DB2C27D5583900610A34 /* Frameworks */,
				4316DB2D27D5583900610A34 /* Resources */,
			);
			buildRules = (
			);
			dependencies = (
				4316DB3127D5583900610A34 /* PBXTargetDependency */,
			);
			name = "watch App TourTests";
			productName = "watch App TourTests";
			productReference = 4316DB2F27D5583900610A34 /* watch App TourTests.xctest */;
			productType = "com.apple.product-type.bundle.unit-test";
		};
		4316DB3827D5583900610A34 /* watch App TourUITests */ = {
			isa = PBXNativeTarget;
			buildConfigurationList = 4316DB5127D5583900610A34 /* Build configuration list for PBXNativeTarget "watch App TourUITests" */;
			buildPhases = (
				4316DB3527D5583900610A34 /* Sources */,
				4316DB3627D5583900610A34 /* Frameworks */,
				4316DB3727D5583900610A34 /* Resources */,
			);
			buildRules = (
			);
			dependencies = (
				4316DB3B27D5583900610A34 /* PBXTargetDependency */,
			);
			name = "watch App TourUITests";
			productName = "watch App TourUITests";
			productReference = 4316DB3927D5583900610A34 /* watch App TourUITests.xctest */;
			productType = "com.apple.product-type.bundle.ui-testing";
		};
/* End PBXNativeTarget section */

/* Begin PBXProject section */
		4316DB0027D5583300610A34 /* Project object */ = {
			isa = PBXProject;
			attributes = {
				BuildIndependentTargetsInParallel = 1;
				LastSwiftUpdateCheck = 1320;
				LastUpgradeCheck = 1320;
				TargetAttributes = {
					4316DB0527D5583300610A34 = {
						CreatedOnToolsVersion = 13.2.1;
					};
					4316DB0927D5583300610A34 = {
						CreatedOnToolsVersion = 13.2.1;
					};
					4316DB1427D5583800610A34 = {
						CreatedOnToolsVersion = 13.2.1;
					};
					4316DB2E27D5583900610A34 = {
						CreatedOnToolsVersion = 13.2.1;
						TestTargetID = 4316DB1427D5583800610A34;
					};
					4316DB3827D5583900610A34 = {
						CreatedOnToolsVersion = 13.2.1;
						TestTargetID = 4316DB0927D5583300610A34;
					};
				};
			};
			buildConfigurationList = 4316DB0327D5583300610A34 /* Build configuration list for PBXProject "watch App Tour" */;
			compatibilityVersion = "Xcode 13.0";
			developmentRegion = en;
			hasScannedForEncodings = 0;
			knownRegions = (
				en,
				Base,
			);
			mainGroup = 4316DAFF27D5583300610A34;
			productRefGroup = 4316DB0727D5583300610A34 /* Products */;
			projectDirPath = "";
			projectRoot = "";
			targets = (
				4316DB0527D5583300610A34 /* watch App Tour */,
				4316DB0927D5583300610A34 /* watch App Tour WatchKit App */,
				4316DB1427D5583800610A34 /* watch App Tour WatchKit Extension */,
				4316DB2E27D5583900610A34 /* watch App TourTests */,
				4316DB3827D5583900610A34 /* watch App TourUITests */,
			);
		};
/* End PBXProject section */

/* Begin PBXResourcesBuildPhase section */
		4316DB0427D5583300610A34 /* Resources */ = {
			isa = PBXResourcesBuildPhase;
			buildActionMask = 2147483647;
			files = (
				4316DB6727D5704C00610A34 /* README.md in Resources */,
			);
			runOnlyForDeploymentPostprocessing = 0;
		};
		4316DB0827D5583300610A34 /* Resources */ = {
			isa = PBXResourcesBuildPhase;
			buildActionMask = 2147483647;
			files = (
				4316DB1027D5583700610A34 /* Assets.xcassets in Resources */,
			);
			runOnlyForDeploymentPostprocessing = 0;
		};
		4316DB1327D5583800610A34 /* Resources */ = {
			isa = PBXResourcesBuildPhase;
			buildActionMask = 2147483647;
			files = (
				4316DB2827D5583900610A34 /* Preview Assets.xcassets in Resources */,
				4316DB2527D5583900610A34 /* Assets.xcassets in Resources */,
			);
			runOnlyForDeploymentPostprocessing = 0;
		};
		4316DB2D27D5583900610A34 /* Resources */ = {
			isa = PBXResourcesBuildPhase;
			buildActionMask = 2147483647;
			files = (
			);
			runOnlyForDeploymentPostprocessing = 0;
		};
		4316DB3727D5583900610A34 /* Resources */ = {
			isa = PBXResourcesBuildPhase;
			buildActionMask = 2147483647;
			files = (
			);
			runOnlyForDeploymentPostprocessing = 0;
		};
/* End PBXResourcesBuildPhase section */

/* Begin PBXSourcesBuildPhase section */
		4316DB1127D5583800610A34 /* Sources */ = {
			isa = PBXSourcesBuildPhase;
			buildActionMask = 2147483647;
			files = (
				4316DB1F27D5583800610A34 /* NotificationController.swift in Sources */,
				4316DB6527D56F2200610A34 /* CapsuleView.swift in Sources */,
				4316DB5E27D5653700610A34 /* RingChartView.swift in Sources */,
				4316DB1D27D5583800610A34 /* ContentView.swift in Sources */,
				4316DB5C27D5652400610A34 /* WedgeChartView.swift in Sources */,
				4316DB2327D5583800610A34 /* ComplicationController.swift in Sources */,
				4316DB1B27D5583800610A34 /* watch_App_TourApp.swift in Sources */,
				4316DB2127D5583800610A34 /* NotificationView.swift in Sources */,
				4316DB6327D56ED800610A34 /* HeaderView.swift in Sources */,
				4316DB5827D55AA600610A34 /* ColorsView.swift in Sources */,
				4316DB5527D5591900610A34 /* ChartsView.swift in Sources */,
				4316DB6127D566C100610A34 /* ColorModel.swift in Sources */,
				4316DB5A27D5650F00610A34 /* BarChartView.swift in Sources */,
			);
			runOnlyForDeploymentPostprocessing = 0;
		};
		4316DB2B27D5583900610A34 /* Sources */ = {
			isa = PBXSourcesBuildPhase;
			buildActionMask = 2147483647;
			files = (
				4316DB3427D5583900610A34 /* watch_App_TourTests.swift in Sources */,
			);
			runOnlyForDeploymentPostprocessing = 0;
		};
		4316DB3527D5583900610A34 /* Sources */ = {
			isa = PBXSourcesBuildPhase;
			buildActionMask = 2147483647;
			files = (
				4316DB4027D5583900610A34 /* watch_App_TourUITestsLaunchTests.swift in Sources */,
				4316DB3E27D5583900610A34 /* watch_App_TourUITests.swift in Sources */,
			);
			runOnlyForDeploymentPostprocessing = 0;
		};
/* End PBXSourcesBuildPhase section */

/* Begin PBXTargetDependency section */
		4316DB0D27D5583300610A34 /* PBXTargetDependency */ = {
			isa = PBXTargetDependency;
			target = 4316DB0927D5583300610A34 /* watch App Tour WatchKit App */;
			targetProxy = 4316DB0C27D5583300610A34 /* PBXContainerItemProxy */;
		};
		4316DB1827D5583800610A34 /* PBXTargetDependency */ = {
			isa = PBXTargetDependency;
			target = 4316DB1427D5583800610A34 /* watch App Tour WatchKit Extension */;
			targetProxy = 4316DB1727D5583800610A34 /* PBXContainerItemProxy */;
		};
		4316DB3127D5583900610A34 /* PBXTargetDependency */ = {
			isa = PBXTargetDependency;
			target = 4316DB1427D5583800610A34 /* watch App Tour WatchKit Extension */;
			targetProxy = 4316DB3027D5583900610A34 /* PBXContainerItemProxy */;
		};
		4316DB3B27D5583900610A34 /* PBXTargetDependency */ = {
			isa = PBXTargetDependency;
			target = 4316DB0927D5583300610A34 /* watch App Tour WatchKit App */;
			targetProxy = 4316DB3A27D5583900610A34 /* PBXContainerItemProxy */;
		};
/* End PBXTargetDependency section */

/* Begin XCBuildConfiguration section */
		4316DB4127D5583900610A34 /* Debug */ = {
			isa = XCBuildConfiguration;
			buildSettings = {
				ALWAYS_SEARCH_USER_PATHS = NO;
				CLANG_ANALYZER_NONNULL = YES;
				CLANG_ANALYZER_NUMBER_OBJECT_CONVERSION = YES_AGGRESSIVE;
				CLANG_CXX_LANGUAGE_STANDARD = "gnu++17";
				CLANG_CXX_LIBRARY = "libc++";
				CLANG_ENABLE_MODULES = YES;
				CLANG_ENABLE_OBJC_ARC = YES;
				CLANG_ENABLE_OBJC_WEAK = YES;
				CLANG_WARN_BLOCK_CAPTURE_AUTORELEASING = YES;
				CLANG_WARN_BOOL_CONVERSION = YES;
				CLANG_WARN_COMMA = YES;
				CLANG_WARN_CONSTANT_CONVERSION = YES;
				CLANG_WARN_DEPRECATED_OBJC_IMPLEMENTATIONS = YES;
				CLANG_WARN_DIRECT_OBJC_ISA_USAGE = YES_ERROR;
				CLANG_WARN_DOCUMENTATION_COMMENTS = YES;
				CLANG_WARN_EMPTY_BODY = YES;
				CLANG_WARN_ENUM_CONVERSION = YES;
				CLANG_WARN_INFINITE_RECURSION = YES;
				CLANG_WARN_INT_CONVERSION = YES;
				CLANG_WARN_NON_LITERAL_NULL_CONVERSION = YES;
				CLANG_WARN_OBJC_IMPLICIT_RETAIN_SELF = YES;
				CLANG_WARN_OBJC_LITERAL_CONVERSION = YES;
				CLANG_WARN_OBJC_ROOT_CLASS = YES_ERROR;
				CLANG_WARN_QUOTED_INCLUDE_IN_FRAMEWORK_HEADER = YES;
				CLANG_WARN_RANGE_LOOP_ANALYSIS = YES;
				CLANG_WARN_STRICT_PROTOTYPES = YES;
				CLANG_WARN_SUSPICIOUS_MOVE = YES;
				CLANG_WARN_UNGUARDED_AVAILABILITY = YES_AGGRESSIVE;
				CLANG_WARN_UNREACHABLE_CODE = YES;
				CLANG_WARN__DUPLICATE_METHOD_MATCH = YES;
				COPY_PHASE_STRIP = NO;
				DEBUG_INFORMATION_FORMAT = dwarf;
				ENABLE_STRICT_OBJC_MSGSEND = YES;
				ENABLE_TESTABILITY = YES;
				GCC_C_LANGUAGE_STANDARD = gnu11;
				GCC_DYNAMIC_NO_PIC = NO;
				GCC_NO_COMMON_BLOCKS = YES;
				GCC_OPTIMIZATION_LEVEL = 0;
				GCC_PREPROCESSOR_DEFINITIONS = (
					"DEBUG=1",
					"$(inherited)",
				);
				GCC_WARN_64_TO_32_BIT_CONVERSION = YES;
				GCC_WARN_ABOUT_RETURN_TYPE = YES_ERROR;
				GCC_WARN_UNDECLARED_SELECTOR = YES;
				GCC_WARN_UNINITIALIZED_AUTOS = YES_AGGRESSIVE;
				GCC_WARN_UNUSED_FUNCTION = YES;
				GCC_WARN_UNUSED_VARIABLE = YES;
				MTL_ENABLE_DEBUG_INFO = INCLUDE_SOURCE;
				MTL_FAST_MATH = YES;
				ONLY_ACTIVE_ARCH = YES;
				SDKROOT = iphoneos;
				SWIFT_ACTIVE_COMPILATION_CONDITIONS = DEBUG;
				SWIFT_OPTIMIZATION_LEVEL = "-Onone";
			};
			name = Debug;
		};
		4316DB4227D5583900610A34 /* Release */ = {
			isa = XCBuildConfiguration;
			buildSettings = {
				ALWAYS_SEARCH_USER_PATHS = NO;
				CLANG_ANALYZER_NONNULL = YES;
				CLANG_ANALYZER_NUMBER_OBJECT_CONVERSION = YES_AGGRESSIVE;
				CLANG_CXX_LANGUAGE_STANDARD = "gnu++17";
				CLANG_CXX_LIBRARY = "libc++";
				CLANG_ENABLE_MODULES = YES;
				CLANG_ENABLE_OBJC_ARC = YES;
				CLANG_ENABLE_OBJC_WEAK = YES;
				CLANG_WARN_BLOCK_CAPTURE_AUTORELEASING = YES;
				CLANG_WARN_BOOL_CONVERSION = YES;
				CLANG_WARN_COMMA = YES;
				CLANG_WARN_CONSTANT_CONVERSION = YES;
				CLANG_WARN_DEPRECATED_OBJC_IMPLEMENTATIONS = YES;
				CLANG_WARN_DIRECT_OBJC_ISA_USAGE = YES_ERROR;
				CLANG_WARN_DOCUMENTATION_COMMENTS = YES;
				CLANG_WARN_EMPTY_BODY = YES;
				CLANG_WARN_ENUM_CONVERSION = YES;
				CLANG_WARN_INFINITE_RECURSION = YES;
				CLANG_WARN_INT_CONVERSION = YES;
				CLANG_WARN_NON_LITERAL_NULL_CONVERSION = YES;
				CLANG_WARN_OBJC_IMPLICIT_RETAIN_SELF = YES;
				CLANG_WARN_OBJC_LITERAL_CONVERSION = YES;
				CLANG_WARN_OBJC_ROOT_CLASS = YES_ERROR;
				CLANG_WARN_QUOTED_INCLUDE_IN_FRAMEWORK_HEADER = YES;
				CLANG_WARN_RANGE_LOOP_ANALYSIS = YES;
				CLANG_WARN_STRICT_PROTOTYPES = YES;
				CLANG_WARN_SUSPICIOUS_MOVE = YES;
				CLANG_WARN_UNGUARDED_AVAILABILITY = YES_AGGRESSIVE;
				CLANG_WARN_UNREACHABLE_CODE = YES;
				CLANG_WARN__DUPLICATE_METHOD_MATCH = YES;
				COPY_PHASE_STRIP = NO;
				DEBUG_INFORMATION_FORMAT = "dwarf-with-dsym";
				ENABLE_NS_ASSERTIONS = NO;
				ENABLE_STRICT_OBJC_MSGSEND = YES;
				GCC_C_LANGUAGE_STANDARD = gnu11;
				GCC_NO_COMMON_BLOCKS = YES;
				GCC_WARN_64_TO_32_BIT_CONVERSION = YES;
				GCC_WARN_ABOUT_RETURN_TYPE = YES_ERROR;
				GCC_WARN_UNDECLARED_SELECTOR = YES;
				GCC_WARN_UNINITIALIZED_AUTOS = YES_AGGRESSIVE;
				GCC_WARN_UNUSED_FUNCTION = YES;
				GCC_WARN_UNUSED_VARIABLE = YES;
				MTL_ENABLE_DEBUG_INFO = NO;
				MTL_FAST_MATH = YES;
				SDKROOT = iphoneos;
				SWIFT_COMPILATION_MODE = wholemodule;
				SWIFT_OPTIMIZATION_LEVEL = "-O";
				VALIDATE_PRODUCT = YES;
			};
			name = Release;
		};
		4316DB4427D5583900610A34 /* Debug */ = {
			isa = XCBuildConfiguration;
			buildSettings = {
				ASSETCATALOG_COMPILER_COMPLICATION_NAME = Complication;
				CODE_SIGN_STYLE = Automatic;
				CURRENT_PROJECT_VERSION = 1;
				DEVELOPMENT_ASSET_PATHS = "\"watch App Tour WatchKit Extension/Preview Content\"";
				DEVELOPMENT_TEAM = S2MZ49WTY5;
				ENABLE_PREVIEWS = YES;
				GENERATE_INFOPLIST_FILE = YES;
				INFOPLIST_FILE = "watch App Tour WatchKit Extension/Info.plist";
				INFOPLIST_KEY_CFBundleDisplayName = "watch App Tour WatchKit Extension";
				INFOPLIST_KEY_CLKComplicationPrincipalClass = "$(PRODUCT_MODULE_NAME).ComplicationController";
				INFOPLIST_KEY_NSHumanReadableCopyright = "";
				INFOPLIST_KEY_WKWatchOnly = YES;
				LD_RUNPATH_SEARCH_PATHS = (
					"$(inherited)",
					"@executable_path/Frameworks",
					"@executable_path/../../Frameworks",
				);
				MARKETING_VERSION = 1.0;
				PRODUCT_BUNDLE_IDENTIFIER = "SnappyDevlpr.watch-App-Tour.watchkitapp.watchkitextension";
				PRODUCT_NAME = "${TARGET_NAME}";
				SDKROOT = watchos;
				SKIP_INSTALL = YES;
				SWIFT_EMIT_LOC_STRINGS = YES;
				SWIFT_VERSION = 5.0;
				TARGETED_DEVICE_FAMILY = 4;
				WATCHOS_DEPLOYMENT_TARGET = 8.3;
			};
			name = Debug;
		};
		4316DB4527D5583900610A34 /* Release */ = {
			isa = XCBuildConfiguration;
			buildSettings = {
				ASSETCATALOG_COMPILER_COMPLICATION_NAME = Complication;
				CODE_SIGN_STYLE = Automatic;
				CURRENT_PROJECT_VERSION = 1;
				DEVELOPMENT_ASSET_PATHS = "\"watch App Tour WatchKit Extension/Preview Content\"";
				DEVELOPMENT_TEAM = S2MZ49WTY5;
				ENABLE_PREVIEWS = YES;
				GENERATE_INFOPLIST_FILE = YES;
				INFOPLIST_FILE = "watch App Tour WatchKit Extension/Info.plist";
				INFOPLIST_KEY_CFBundleDisplayName = "watch App Tour WatchKit Extension";
				INFOPLIST_KEY_CLKComplicationPrincipalClass = "$(PRODUCT_MODULE_NAME).ComplicationController";
				INFOPLIST_KEY_NSHumanReadableCopyright = "";
				INFOPLIST_KEY_WKWatchOnly = YES;
				LD_RUNPATH_SEARCH_PATHS = (
					"$(inherited)",
					"@executable_path/Frameworks",
					"@executable_path/../../Frameworks",
				);
				MARKETING_VERSION = 1.0;
				PRODUCT_BUNDLE_IDENTIFIER = "SnappyDevlpr.watch-App-Tour.watchkitapp.watchkitextension";
				PRODUCT_NAME = "${TARGET_NAME}";
				SDKROOT = watchos;
				SKIP_INSTALL = YES;
				SWIFT_EMIT_LOC_STRINGS = YES;
				SWIFT_VERSION = 5.0;
				TARGETED_DEVICE_FAMILY = 4;
				WATCHOS_DEPLOYMENT_TARGET = 8.3;
			};
			name = Release;
		};
		4316DB4827D5583900610A34 /* Debug */ = {
			isa = XCBuildConfiguration;
			buildSettings = {
				ALWAYS_EMBED_SWIFT_STANDARD_LIBRARIES = YES;
				ASSETCATALOG_COMPILER_APPICON_NAME = AppIcon;
				ASSETCATALOG_COMPILER_GLOBAL_ACCENT_COLOR_NAME = AccentColor;
				CODE_SIGN_STYLE = Automatic;
				CURRENT_PROJECT_VERSION = 1;
				DEVELOPMENT_TEAM = S2MZ49WTY5;
				GENERATE_INFOPLIST_FILE = YES;
				IBSC_MODULE = watch_App_Tour_WatchKit_Extension;
				INFOPLIST_KEY_CFBundleDisplayName = "watch App Tour WatchKit App";
				INFOPLIST_KEY_UISupportedInterfaceOrientations = "UIInterfaceOrientationPortrait UIInterfaceOrientationPortraitUpsideDown";
				MARKETING_VERSION = 1.0;
				PRODUCT_BUNDLE_IDENTIFIER = "SnappyDevlpr.watch-App-Tour.watchkitapp";
				PRODUCT_NAME = "$(TARGET_NAME)";
				SDKROOT = watchos;
				SKIP_INSTALL = YES;
				SWIFT_EMIT_LOC_STRINGS = YES;
				SWIFT_VERSION = 5.0;
				TARGETED_DEVICE_FAMILY = 4;
				WATCHOS_DEPLOYMENT_TARGET = 8.3;
			};
			name = Debug;
		};
		4316DB4927D5583900610A34 /* Release */ = {
			isa = XCBuildConfiguration;
			buildSettings = {
				ALWAYS_EMBED_SWIFT_STANDARD_LIBRARIES = YES;
				ASSETCATALOG_COMPILER_APPICON_NAME = AppIcon;
				ASSETCATALOG_COMPILER_GLOBAL_ACCENT_COLOR_NAME = AccentColor;
				CODE_SIGN_STYLE = Automatic;
				CURRENT_PROJECT_VERSION = 1;
				DEVELOPMENT_TEAM = S2MZ49WTY5;
				GENERATE_INFOPLIST_FILE = YES;
				IBSC_MODULE = watch_App_Tour_WatchKit_Extension;
				INFOPLIST_KEY_CFBundleDisplayName = "watch App Tour WatchKit App";
				INFOPLIST_KEY_UISupportedInterfaceOrientations = "UIInterfaceOrientationPortrait UIInterfaceOrientationPortraitUpsideDown";
				MARKETING_VERSION = 1.0;
				PRODUCT_BUNDLE_IDENTIFIER = "SnappyDevlpr.watch-App-Tour.watchkitapp";
				PRODUCT_NAME = "$(TARGET_NAME)";
				SDKROOT = watchos;
				SKIP_INSTALL = YES;
				SWIFT_EMIT_LOC_STRINGS = YES;
				SWIFT_VERSION = 5.0;
				TARGETED_DEVICE_FAMILY = 4;
				WATCHOS_DEPLOYMENT_TARGET = 8.3;
			};
			name = Release;
		};
		4316DB4C27D5583900610A34 /* Debug */ = {
			isa = XCBuildConfiguration;
			buildSettings = {
				CODE_SIGN_STYLE = Automatic;
				CURRENT_PROJECT_VERSION = 1;
				DEVELOPMENT_TEAM = S2MZ49WTY5;
				MARKETING_VERSION = 1.0;
				PRODUCT_BUNDLE_IDENTIFIER = "SnappyDevlpr.watch-App-Tour";
				PRODUCT_NAME = "$(TARGET_NAME)";
				SWIFT_VERSION = 5.0;
			};
			name = Debug;
		};
		4316DB4D27D5583900610A34 /* Release */ = {
			isa = XCBuildConfiguration;
			buildSettings = {
				CODE_SIGN_STYLE = Automatic;
				CURRENT_PROJECT_VERSION = 1;
				DEVELOPMENT_TEAM = S2MZ49WTY5;
				MARKETING_VERSION = 1.0;
				PRODUCT_BUNDLE_IDENTIFIER = "SnappyDevlpr.watch-App-Tour";
				PRODUCT_NAME = "$(TARGET_NAME)";
				SWIFT_VERSION = 5.0;
			};
			name = Release;
		};
		4316DB4F27D5583900610A34 /* Debug */ = {
			isa = XCBuildConfiguration;
			buildSettings = {
				ALWAYS_EMBED_SWIFT_STANDARD_LIBRARIES = YES;
				BUNDLE_LOADER = "$(TEST_HOST)";
				CODE_SIGN_STYLE = Automatic;
				CURRENT_PROJECT_VERSION = 1;
				DEVELOPMENT_TEAM = S2MZ49WTY5;
				GENERATE_INFOPLIST_FILE = YES;
				MARKETING_VERSION = 1.0;
				PRODUCT_BUNDLE_IDENTIFIER = "SnappyDevlpr.watch-App-TourTests";
				PRODUCT_NAME = "$(TARGET_NAME)";
				SDKROOT = watchos;
				SWIFT_EMIT_LOC_STRINGS = NO;
				SWIFT_VERSION = 5.0;
				TARGETED_DEVICE_FAMILY = 4;
				TEST_HOST = "$(BUILT_PRODUCTS_DIR)/watch App Tour WatchKit Extension.appex/watch App Tour WatchKit Extension";
				WATCHOS_DEPLOYMENT_TARGET = 8.3;
			};
			name = Debug;
		};
		4316DB5027D5583900610A34 /* Release */ = {
			isa = XCBuildConfiguration;
			buildSettings = {
				ALWAYS_EMBED_SWIFT_STANDARD_LIBRARIES = YES;
				BUNDLE_LOADER = "$(TEST_HOST)";
				CODE_SIGN_STYLE = Automatic;
				CURRENT_PROJECT_VERSION = 1;
				DEVELOPMENT_TEAM = S2MZ49WTY5;
				GENERATE_INFOPLIST_FILE = YES;
				MARKETING_VERSION = 1.0;
				PRODUCT_BUNDLE_IDENTIFIER = "SnappyDevlpr.watch-App-TourTests";
				PRODUCT_NAME = "$(TARGET_NAME)";
				SDKROOT = watchos;
				SWIFT_EMIT_LOC_STRINGS = NO;
				SWIFT_VERSION = 5.0;
				TARGETED_DEVICE_FAMILY = 4;
				TEST_HOST = "$(BUILT_PRODUCTS_DIR)/watch App Tour WatchKit Extension.appex/watch App Tour WatchKit Extension";
				WATCHOS_DEPLOYMENT_TARGET = 8.3;
			};
			name = Release;
		};
		4316DB5227D5583900610A34 /* Debug */ = {
			isa = XCBuildConfiguration;
			buildSettings = {
				CODE_SIGN_STYLE = Automatic;
				CURRENT_PROJECT_VERSION = 1;
				DEVELOPMENT_TEAM = S2MZ49WTY5;
				GENERATE_INFOPLIST_FILE = YES;
				MARKETING_VERSION = 1.0;
				PRODUCT_BUNDLE_IDENTIFIER = "SnappyDevlpr.watch-App-TourUITests";
				PRODUCT_NAME = "$(TARGET_NAME)";
				SDKROOT = watchos;
				SWIFT_EMIT_LOC_STRINGS = NO;
				SWIFT_VERSION = 5.0;
				TARGETED_DEVICE_FAMILY = 4;
				TEST_TARGET_NAME = "watch App Tour WatchKit App";
				WATCHOS_DEPLOYMENT_TARGET = 8.3;
			};
			name = Debug;
		};
		4316DB5327D5583900610A34 /* Release */ = {
			isa = XCBuildConfiguration;
			buildSettings = {
				CODE_SIGN_STYLE = Automatic;
				CURRENT_PROJECT_VERSION = 1;
				DEVELOPMENT_TEAM = S2MZ49WTY5;
				GENERATE_INFOPLIST_FILE = YES;
				MARKETING_VERSION = 1.0;
				PRODUCT_BUNDLE_IDENTIFIER = "SnappyDevlpr.watch-App-TourUITests";
				PRODUCT_NAME = "$(TARGET_NAME)";
				SDKROOT = watchos;
				SWIFT_EMIT_LOC_STRINGS = NO;
				SWIFT_VERSION = 5.0;
				TARGETED_DEVICE_FAMILY = 4;
				TEST_TARGET_NAME = "watch App Tour WatchKit App";
				WATCHOS_DEPLOYMENT_TARGET = 8.3;
			};
			name = Release;
		};
/* End XCBuildConfiguration section */

/* Begin XCConfigurationList section */
		4316DB0327D5583300610A34 /* Build configuration list for PBXProject "watch App Tour" */ = {
			isa = XCConfigurationList;
			buildConfigurations = (
				4316DB4127D5583900610A34 /* Debug */,
				4316DB4227D5583900610A34 /* Release */,
			);
			defaultConfigurationIsVisible = 0;
			defaultConfigurationName = Release;
		};
		4316DB4327D5583900610A34 /* Build configuration list for PBXNativeTarget "watch App Tour WatchKit Extension" */ = {
			isa = XCConfigurationList;
			buildConfigurations = (
				4316DB4427D5583900610A34 /* Debug */,
				4316DB4527D5583900610A34 /* Release */,
			);
			defaultConfigurationIsVisible = 0;
			defaultConfigurationName = Release;
		};
		4316DB4727D5583900610A34 /* Build configuration list for PBXNativeTarget "watch App Tour WatchKit App" */ = {
			isa = XCConfigurationList;
			buildConfigurations = (
				4316DB4827D5583900610A34 /* Debug */,
				4316DB4927D5583900610A34 /* Release */,
			);
			defaultConfigurationIsVisible = 0;
			defaultConfigurationName = Release;
		};
		4316DB4B27D5583900610A34 /* Build configuration list for PBXNativeTarget "watch App Tour" */ = {
			isa = XCConfigurationList;
			buildConfigurations = (
				4316DB4C27D5583900610A34 /* Debug */,
				4316DB4D27D5583900610A34 /* Release */,
			);
			defaultConfigurationIsVisible = 0;
			defaultConfigurationName = Release;
		};
		4316DB4E27D5583900610A34 /* Build configuration list for PBXNativeTarget "watch App TourTests" */ = {
			isa = XCConfigurationList;
			buildConfigurations = (
				4316DB4F27D5583900610A34 /* Debug */,
				4316DB5027D5583900610A34 /* Release */,
			);
			defaultConfigurationIsVisible = 0;
			defaultConfigurationName = Release;
		};
		4316DB5127D5583900610A34 /* Build configuration list for PBXNativeTarget "watch App TourUITests" */ = {
			isa = XCConfigurationList;
			buildConfigurations = (
				4316DB5227D5583900610A34 /* Debug */,
				4316DB5327D5583900610A34 /* Release */,
			);
			defaultConfigurationIsVisible = 0;
			defaultConfigurationName = Release;
		};
/* End XCConfigurationList section */
	};
	rootObject = 4316DB0027D5583300610A34 /* Project object */;
}
